
Microsoft Visual Studio Solution File, Format Version 12.00
# Visual Studio Version 17
VisualStudioVersion = 17.11.35222.181
MinimumVisualStudioVersion = 10.0.40219.1
Project("{FAE04EC0-301F-11D3-BF4B-00C04F79EFBC}") = "inlämning 3", "inlämning 3\inlämning 3.csproj", "{AA54FFE7-320F-4CFA-870C-60F5EA083759}"
EndProject
Global
	GlobalSection(SolutionConfigurationPlatforms) = preSolution
		Debug|Any CPU = Debug|Any CPU
		Release|Any CPU = Release|Any CPU
	EndGlobalSection
	GlobalSection(ProjectConfigurationPlatforms) = postSolution
		{AA54FFE7-320F-4CFA-870C-60F5EA083759}.Debug|Any CPU.ActiveCfg = Debug|Any CPU
		{AA54FFE7-320F-4CFA-870C-60F5EA083759}.Debug|Any CPU.Build.0 = Debug|Any CPU
		{AA54FFE7-320F-4CFA-870C-60F5EA083759}.Release|Any CPU.ActiveCfg = Release|Any CPU
		{AA54FFE7-320F-4CFA-870C-60F5EA083759}.Release|Any CPU.Build.0 = Release|Any CPU
	EndGlobalSection
	GlobalSection(SolutionProperties) = preSolution
		HideSolutionNode = FALSE
	EndGlobalSection
	GlobalSection(ExtensibilityGlobals) = postSolution
		SolutionGuid = {F8856F07-E56E-4064-A8A4-261EF3FC35E5}
	EndGlobalSection
EndGlobal
